
Microsoft Visual Studio Solution File, Format Version 12.00
# Visual Studio 15
Project("{FAE04EC0-301F-11D3-BF4B-00C04F79EFBC}") = "aspnet-api-heroku", "aspnet-api-heroku\aspnet-api-heroku.csproj", "{D138231C-B7E3-489E-8F9B-D28FE3E13621}"
EndProject
Global
	GlobalSection(SolutionConfigurationPlatforms) = preSolution
		Debug|Any CPU = Debug|Any CPU
		Release|Any CPU = Release|Any CPU
	EndGlobalSection
	GlobalSection(ProjectConfigurationPlatforms) = postSolution
		{D138231C-B7E3-489E-8F9B-D28FE3E13621}.Debug|Any CPU.ActiveCfg = Debug|Any CPU
		{D138231C-B7E3-489E-8F9B-D28FE3E13621}.Debug|Any CPU.Build.0 = Debug|Any CPU
		{D138231C-B7E3-489E-8F9B-D28FE3E13621}.Release|Any CPU.ActiveCfg = Release|Any CPU
		{D138231C-B7E3-489E-8F9B-D28FE3E13621}.Release|Any CPU.Build.0 = Release|Any CPU
	EndGlobalSection
EndGlobal
